
Microsoft Visual Studio Solution File, Format Version 12.00
# Visual Studio 15
VisualStudioVersion = 15.0.28010.2050
MinimumVisualStudioVersion = 10.0.40219.1
Project("{F2A71F9B-5D33-465A-A702-920D77279786}") = "ConsoleApp1", "ConsoleApp1\ConsoleApp1.fsproj", "{DFC9194F-511B-4AD1-9533-5FA78C53201F}"
EndProject
Global
	GlobalSection(SolutionConfigurationPlatforms) = preSolution
		Debug|Any CPU = Debug|Any CPU
		Release|Any CPU = Release|Any CPU
	EndGlobalSection
	GlobalSection(ProjectConfigurationPlatforms) = postSolution
		{DFC9194F-511B-4AD1-9533-5FA78C53201F}.Debug|Any CPU.ActiveCfg = Debug|Any CPU
		{DFC9194F-511B-4AD1-9533-5FA78C53201F}.Debug|Any CPU.Build.0 = Debug|Any CPU
		{DFC9194F-511B-4AD1-9533-5FA78C53201F}.Release|Any CPU.ActiveCfg = Release|Any CPU
		{DFC9194F-511B-4AD1-9533-5FA78C53201F}.Release|Any CPU.Build.0 = Release|Any CPU
	EndGlobalSection
	GlobalSection(SolutionProperties) = preSolution
		HideSolutionNode = FALSE
	EndGlobalSection
	GlobalSection(ExtensibilityGlobals) = postSolution
		SolutionGuid = {889AFAF8-A642-4219-A35C-493917B05791}
	EndGlobalSection
EndGlobal
