Microsoft Visual Studio Solution File, Format Version 12.00
# Visual Studio 15
VisualStudioVersion = 15.0.26124.0
MinimumVisualStudioVersion = 15.0.26124.0
Project("{6EC3EE1D-3C4E-46DD-8F32-0CC8E7565705}") = "Task2Library", "Task2Library\Task2Library.fsproj", "{597A47AD-9027-4574-8A1C-00B2705767E0}"
EndProject
Project("{6EC3EE1D-3C4E-46DD-8F32-0CC8E7565705}") = "Task2Library.Tests", "Task2Library.Tests\Task2Library.Tests.fsproj", "{F053BE12-C467-4E9F-B328-8731ADC2C667}"
EndProject
Global
	GlobalSection(SolutionConfigurationPlatforms) = preSolution
		Debug|Any CPU = Debug|Any CPU
		Debug|x64 = Debug|x64
		Debug|x86 = Debug|x86
		Release|Any CPU = Release|Any CPU
		Release|x64 = Release|x64
		Release|x86 = Release|x86
	EndGlobalSection
	GlobalSection(ProjectConfigurationPlatforms) = postSolution
		{597A47AD-9027-4574-8A1C-00B2705767E0}.Debug|Any CPU.ActiveCfg = Debug|Any CPU
		{597A47AD-9027-4574-8A1C-00B2705767E0}.Debug|Any CPU.Build.0 = Debug|Any CPU
		{597A47AD-9027-4574-8A1C-00B2705767E0}.Debug|x64.ActiveCfg = Debug|Any CPU
		{597A47AD-9027-4574-8A1C-00B2705767E0}.Debug|x64.Build.0 = Debug|Any CPU
		{597A47AD-9027-4574-8A1C-00B2705767E0}.Debug|x86.ActiveCfg = Debug|Any CPU
		{597A47AD-9027-4574-8A1C-00B2705767E0}.Debug|x86.Build.0 = Debug|Any CPU
		{597A47AD-9027-4574-8A1C-00B2705767E0}.Release|Any CPU.ActiveCfg = Release|Any CPU
		{597A47AD-9027-4574-8A1C-00B2705767E0}.Release|Any CPU.Build.0 = Release|Any CPU
		{597A47AD-9027-4574-8A1C-00B2705767E0}.Release|x64.ActiveCfg = Release|Any CPU
		{597A47AD-9027-4574-8A1C-00B2705767E0}.Release|x64.Build.0 = Release|Any CPU
		{597A47AD-9027-4574-8A1C-00B2705767E0}.Release|x86.ActiveCfg = Release|Any CPU
		{597A47AD-9027-4574-8A1C-00B2705767E0}.Release|x86.Build.0 = Release|Any CPU
		{F053BE12-C467-4E9F-B328-8731ADC2C667}.Debug|Any CPU.ActiveCfg = Debug|Any CPU
		{F053BE12-C467-4E9F-B328-8731ADC2C667}.Debug|Any CPU.Build.0 = Debug|Any CPU
		{F053BE12-C467-4E9F-B328-8731ADC2C667}.Debug|x64.ActiveCfg = Debug|Any CPU
		{F053BE12-C467-4E9F-B328-8731ADC2C667}.Debug|x64.Build.0 = Debug|Any CPU
		{F053BE12-C467-4E9F-B328-8731ADC2C667}.Debug|x86.ActiveCfg = Debug|Any CPU
		{F053BE12-C467-4E9F-B328-8731ADC2C667}.Debug|x86.Build.0 = Debug|Any CPU
		{F053BE12-C467-4E9F-B328-8731ADC2C667}.Release|Any CPU.ActiveCfg = Release|Any CPU
		{F053BE12-C467-4E9F-B328-8731ADC2C667}.Release|Any CPU.Build.0 = Release|Any CPU
		{F053BE12-C467-4E9F-B328-8731ADC2C667}.Release|x64.ActiveCfg = Release|Any CPU
		{F053BE12-C467-4E9F-B328-8731ADC2C667}.Release|x64.Build.0 = Release|Any CPU
		{F053BE12-C467-4E9F-B328-8731ADC2C667}.Release|x86.ActiveCfg = Release|Any CPU
		{F053BE12-C467-4E9F-B328-8731ADC2C667}.Release|x86.Build.0 = Release|Any CPU
	EndGlobalSection
	GlobalSection(SolutionProperties) = preSolution
		HideSolutionNode = FALSE
	EndGlobalSection
	GlobalSection(ExtensibilityGlobals) = postSolution
		SolutionGuid = {200715AA-0042-433B-B94B-072CBCA62C8C}
	EndGlobalSection
EndGlobal
