
Microsoft Visual Studio Solution File, Format Version 12.00
# Visual Studio 15
VisualStudioVersion = 15.0.27428.2037
MinimumVisualStudioVersion = 10.0.40219.1
Project("{F2A71F9B-5D33-465A-A702-920D77279786}") = "Task3Project", "Task3Project\Task3Project.fsproj", "{39910352-4D7E-4F7F-8B10-CC4AEB794DEA}"
EndProject
Global
	GlobalSection(SolutionConfigurationPlatforms) = preSolution
		Debug|Any CPU = Debug|Any CPU
		Release|Any CPU = Release|Any CPU
	EndGlobalSection
	GlobalSection(ProjectConfigurationPlatforms) = postSolution
		{39910352-4D7E-4F7F-8B10-CC4AEB794DEA}.Debug|Any CPU.ActiveCfg = Debug|Any CPU
		{39910352-4D7E-4F7F-8B10-CC4AEB794DEA}.Debug|Any CPU.Build.0 = Debug|Any CPU
		{39910352-4D7E-4F7F-8B10-CC4AEB794DEA}.Release|Any CPU.ActiveCfg = Release|Any CPU
		{39910352-4D7E-4F7F-8B10-CC4AEB794DEA}.Release|Any CPU.Build.0 = Release|Any CPU
	EndGlobalSection
	GlobalSection(SolutionProperties) = preSolution
		HideSolutionNode = FALSE
	EndGlobalSection
	GlobalSection(ExtensibilityGlobals) = postSolution
		SolutionGuid = {605B59CE-6D87-4B1E-8E62-8DE616F89C04}
	EndGlobalSection
EndGlobal
